
Microsoft Visual Studio Solution File, Format Version 12.00
# Visual Studio 15
VisualStudioVersion = 15.0.27428.2037
MinimumVisualStudioVersion = 10.0.40219.1
Project("{FAE04EC0-301F-11D3-BF4B-00C04F79EFBC}") = "MyShopOnline", "MyShopOnline\MyShopOnline.csproj", "{C5C4D1FC-2D59-4A77-B78B-2E0791144AA0}"
EndProject
Project("{FAE04EC0-301F-11D3-BF4B-00C04F79EFBC}") = "MyShopOnline.Infrastructure", "MyShopOnline.Infrastructure\MyShopOnline.Infrastructure.csproj", "{CFA9AAE4-EB14-488C-98CE-FE28C57D3536}"
EndProject
Project("{FAE04EC0-301F-11D3-BF4B-00C04F79EFBC}") = "MyShopOnline.Utilities", "MyShopOnline.Utilities\MyShopOnline.Utilities.csproj", "{834A75E7-C7D5-416A-8F59-853F8250F8A7}"
EndProject
Project("{FAE04EC0-301F-11D3-BF4B-00C04F79EFBC}") = "MyShopOnline.Data.EF", "MyShopOnline.Data.EF\MyShopOnline.Data.EF.csproj", "{78C3A43C-FD58-4ACF-A007-9214054C9408}"
EndProject
Project("{FAE04EC0-301F-11D3-BF4B-00C04F79EFBC}") = "MyShopOnline.Data", "MyShopOnline.Data\MyShopOnline.Data.csproj", "{D01BFAE0-4C8A-45A4-89B4-D3612ED8124D}"
EndProject
Project("{FAE04EC0-301F-11D3-BF4B-00C04F79EFBC}") = "MyShopOnline.Application", "MyShopOnline.Application\MyShopOnline.Application.csproj", "{CFB6F0E8-A173-4FBC-AB8E-02D6AEF497EB}"
EndProject
Global
	GlobalSection(SolutionConfigurationPlatforms) = preSolution
		Debug|Any CPU = Debug|Any CPU
		Release|Any CPU = Release|Any CPU
	EndGlobalSection
	GlobalSection(ProjectConfigurationPlatforms) = postSolution
		{C5C4D1FC-2D59-4A77-B78B-2E0791144AA0}.Debug|Any CPU.ActiveCfg = Debug|Any CPU
		{C5C4D1FC-2D59-4A77-B78B-2E0791144AA0}.Debug|Any CPU.Build.0 = Debug|Any CPU
		{C5C4D1FC-2D59-4A77-B78B-2E0791144AA0}.Release|Any CPU.ActiveCfg = Release|Any CPU
		{C5C4D1FC-2D59-4A77-B78B-2E0791144AA0}.Release|Any CPU.Build.0 = Release|Any CPU
		{CFA9AAE4-EB14-488C-98CE-FE28C57D3536}.Debug|Any CPU.ActiveCfg = Debug|Any CPU
		{CFA9AAE4-EB14-488C-98CE-FE28C57D3536}.Debug|Any CPU.Build.0 = Debug|Any CPU
		{CFA9AAE4-EB14-488C-98CE-FE28C57D3536}.Release|Any CPU.ActiveCfg = Release|Any CPU
		{CFA9AAE4-EB14-488C-98CE-FE28C57D3536}.Release|Any CPU.Build.0 = Release|Any CPU
		{834A75E7-C7D5-416A-8F59-853F8250F8A7}.Debug|Any CPU.ActiveCfg = Debug|Any CPU
		{834A75E7-C7D5-416A-8F59-853F8250F8A7}.Debug|Any CPU.Build.0 = Debug|Any CPU
		{834A75E7-C7D5-416A-8F59-853F8250F8A7}.Release|Any CPU.ActiveCfg = Release|Any CPU
		{834A75E7-C7D5-416A-8F59-853F8250F8A7}.Release|Any CPU.Build.0 = Release|Any CPU
		{78C3A43C-FD58-4ACF-A007-9214054C9408}.Debug|Any CPU.ActiveCfg = Debug|Any CPU
		{78C3A43C-FD58-4ACF-A007-9214054C9408}.Debug|Any CPU.Build.0 = Debug|Any CPU
		{78C3A43C-FD58-4ACF-A007-9214054C9408}.Release|Any CPU.ActiveCfg = Release|Any CPU
		{78C3A43C-FD58-4ACF-A007-9214054C9408}.Release|Any CPU.Build.0 = Release|Any CPU
		{D01BFAE0-4C8A-45A4-89B4-D3612ED8124D}.Debug|Any CPU.ActiveCfg = Debug|Any CPU
		{D01BFAE0-4C8A-45A4-89B4-D3612ED8124D}.Debug|Any CPU.Build.0 = Debug|Any CPU
		{D01BFAE0-4C8A-45A4-89B4-D3612ED8124D}.Release|Any CPU.ActiveCfg = Release|Any CPU
		{D01BFAE0-4C8A-45A4-89B4-D3612ED8124D}.Release|Any CPU.Build.0 = Release|Any CPU
		{CFB6F0E8-A173-4FBC-AB8E-02D6AEF497EB}.Debug|Any CPU.ActiveCfg = Debug|Any CPU
		{CFB6F0E8-A173-4FBC-AB8E-02D6AEF497EB}.Debug|Any CPU.Build.0 = Debug|Any CPU
		{CFB6F0E8-A173-4FBC-AB8E-02D6AEF497EB}.Release|Any CPU.ActiveCfg = Release|Any CPU
		{CFB6F0E8-A173-4FBC-AB8E-02D6AEF497EB}.Release|Any CPU.Build.0 = Release|Any CPU
	EndGlobalSection
	GlobalSection(SolutionProperties) = preSolution
		HideSolutionNode = FALSE
	EndGlobalSection
	GlobalSection(ExtensibilityGlobals) = postSolution
		SolutionGuid = {1866A637-494C-49A9-9252-80140CA01DC3}
	EndGlobalSection
EndGlobal
